// !$*UTF8*$!
{
	archiveVersion = 1;
	classes = {
	};
	objectVersion = 51;
	objects = {

/* Begin PBXBuildFile section */
		7215E5C4234C977900161CF4 /* MoviesPopularVC.xib in Resources */ = {isa = PBXBuildFile; fileRef = 7215E5C2234C977800161CF4 /* MoviesPopularVC.xib */; };
		7215E5C5234C977900161CF4 /* MoviesPopularVC.swift in Sources */ = {isa = PBXBuildFile; fileRef = 7215E5C3234C977800161CF4 /* MoviesPopularVC.swift */; };
		7215E5C8234C97E300161CF4 /* NoResultsAnimationView.swift in Sources */ = {isa = PBXBuildFile; fileRef = 7215E5C7234C97E300161CF4 /* NoResultsAnimationView.swift */; };
		7215E5CA234C982100161CF4 /* Reactive+Misc.swift in Sources */ = {isa = PBXBuildFile; fileRef = 7215E5C9234C982100161CF4 /* Reactive+Misc.swift */; };
		7215E5D0234C986600161CF4 /* AnimateloadingView.swift in Sources */ = {isa = PBXBuildFile; fileRef = 7215E5CC234C986600161CF4 /* AnimateloadingView.swift */; };
		7215E5D1234C986600161CF4 /* LoadingView.xib in Resources */ = {isa = PBXBuildFile; fileRef = 7215E5CD234C986600161CF4 /* LoadingView.xib */; };
		7215E5D2234C986600161CF4 /* LoadingViewable.swift in Sources */ = {isa = PBXBuildFile; fileRef = 7215E5CE234C986600161CF4 /* LoadingViewable.swift */; };
		7215E5D3234C986600161CF4 /* LoadingView.swift in Sources */ = {isa = PBXBuildFile; fileRef = 7215E5CF234C986600161CF4 /* LoadingView.swift */; };
		7215E5D9234C98E500161CF4 /* MovieCell.swift in Sources */ = {isa = PBXBuildFile; fileRef = 7215E5D7234C98E500161CF4 /* MovieCell.swift */; };
		7215E5DA234C98E500161CF4 /* MovieCell.xib in Resources */ = {isa = PBXBuildFile; fileRef = 7215E5D8234C98E500161CF4 /* MovieCell.xib */; };
		7215E5DC234C995400161CF4 /* MovieDetailVM.swift in Sources */ = {isa = PBXBuildFile; fileRef = 7215E5DB234C995400161CF4 /* MovieDetailVM.swift */; };
		7215E5DE234C996C00161CF4 /* FavoriteVM.swift in Sources */ = {isa = PBXBuildFile; fileRef = 7215E5DD234C996C00161CF4 /* FavoriteVM.swift */; };
		7215E5E0234C9A1500161CF4 /* UIDevice+Misc.swift in Sources */ = {isa = PBXBuildFile; fileRef = 7215E5DF234C9A1500161CF4 /* UIDevice+Misc.swift */; };
		7264E2A7234C9F7A007BFF0F /* UserDefaultsService.swift in Sources */ = {isa = PBXBuildFile; fileRef = 7264E2A6234C9F7A007BFF0F /* UserDefaultsService.swift */; };
		7264E2AA234C9FDE007BFF0F /* MovieDetailVC.swift in Sources */ = {isa = PBXBuildFile; fileRef = 7264E2A8234C9FDE007BFF0F /* MovieDetailVC.swift */; };
		7264E2AB234C9FDE007BFF0F /* MovieDetailVC.xib in Resources */ = {isa = PBXBuildFile; fileRef = 7264E2A9234C9FDE007BFF0F /* MovieDetailVC.xib */; };
		7264E2AD234CA01C007BFF0F /* MovieDetailHeaderView.swift in Sources */ = {isa = PBXBuildFile; fileRef = 7264E2AC234CA01C007BFF0F /* MovieDetailHeaderView.swift */; };
		7264E2AF234CA049007BFF0F /* UIColor+Misc.swift in Sources */ = {isa = PBXBuildFile; fileRef = 7264E2AE234CA049007BFF0F /* UIColor+Misc.swift */; };
		7264E2B2234CA08A007BFF0F /* MovieDetailInfoCell.swift in Sources */ = {isa = PBXBuildFile; fileRef = 7264E2B1234CA08A007BFF0F /* MovieDetailInfoCell.swift */; };
		7264E2B5234CA0DC007BFF0F /* StarsView.swift in Sources */ = {isa = PBXBuildFile; fileRef = 7264E2B4234CA0DC007BFF0F /* StarsView.swift */; };
		7264E2B8234CA118007BFF0F /* MovieDetailOverviewCell.swift in Sources */ = {isa = PBXBuildFile; fileRef = 7264E2B7234CA118007BFF0F /* MovieDetailOverviewCell.swift */; };
		7264E2BA234CA197007BFF0F /* UINavigationController+Misc.swift in Sources */ = {isa = PBXBuildFile; fileRef = 7264E2B9234CA197007BFF0F /* UINavigationController+Misc.swift */; };
		7264E2BD234CAA19007BFF0F /* Helper.swift in Sources */ = {isa = PBXBuildFile; fileRef = 7264E2BC234CAA19007BFF0F /* Helper.swift */; };
		7264E2C0234CAAA8007BFF0F /* MovieFavoriteCell.swift in Sources */ = {isa = PBXBuildFile; fileRef = 7264E2BF234CAAA8007BFF0F /* MovieFavoriteCell.swift */; };
		72E139BE234C8B4A00521748 /* AppDelegate.swift in Sources */ = {isa = PBXBuildFile; fileRef = 72E139BD234C8B4A00521748 /* AppDelegate.swift */; };
		72E139C8234C8B4B00521748 /* LaunchScreen.storyboard in Resources */ = {isa = PBXBuildFile; fileRef = 72E139C6234C8B4B00521748 /* LaunchScreen.storyboard */; };
		72E139D8234C8D6000521748 /* AppDelegate+Misc.swift in Sources */ = {isa = PBXBuildFile; fileRef = 72E139D7234C8D6000521748 /* AppDelegate+Misc.swift */; };
		72E139DD234C8E1900521748 /* LaunchScreenVC.swift in Sources */ = {isa = PBXBuildFile; fileRef = 72E139DC234C8E1900521748 /* LaunchScreenVC.swift */; };
		72E139E1234C8EED00521748 /* launch-movies.json in Resources */ = {isa = PBXBuildFile; fileRef = 72E139DF234C8EED00521748 /* launch-movies.json */; };
		72E139E2234C8EED00521748 /* no-results.json in Resources */ = {isa = PBXBuildFile; fileRef = 72E139E0234C8EED00521748 /* no-results.json */; };
		72E139E4234C8F1800521748 /* UIView+Misc.swift in Sources */ = {isa = PBXBuildFile; fileRef = 72E139E3234C8F1800521748 /* UIView+Misc.swift */; };
		72E139E6234C8F7700521748 /* MainTabBarVC.swift in Sources */ = {isa = PBXBuildFile; fileRef = 72E139E5234C8F7700521748 /* MainTabBarVC.swift */; };
		72E139F0234C907800521748 /* MoviesFavoriteVC.swift in Sources */ = {isa = PBXBuildFile; fileRef = 72E139EF234C907800521748 /* MoviesFavoriteVC.swift */; };
		72E139F2234C913D00521748 /* UIViewController+Misc.swift in Sources */ = {isa = PBXBuildFile; fileRef = 72E139F1234C913D00521748 /* UIViewController+Misc.swift */; };
		72E139F4234C917F00521748 /* Assets.xcassets in Resources */ = {isa = PBXBuildFile; fileRef = 72E139F3234C917F00521748 /* Assets.xcassets */; };
		72E139F6234C933800521748 /* Movie.swift in Sources */ = {isa = PBXBuildFile; fileRef = 72E139F5234C933800521748 /* Movie.swift */; };
		72E139FC234C93AB00521748 /* APIConfiguration.swift in Sources */ = {isa = PBXBuildFile; fileRef = 72E139FB234C93AB00521748 /* APIConfiguration.swift */; };
		72E139FE234C93CD00521748 /* APIService.swift in Sources */ = {isa = PBXBuildFile; fileRef = 72E139FD234C93CD00521748 /* APIService.swift */; };
		72E13A00234C93FB00521748 /* Constants.swift in Sources */ = {isa = PBXBuildFile; fileRef = 72E139FF234C93FB00521748 /* Constants.swift */; };
		72E13A02234C942400521748 /* MovieEndpoint.swift in Sources */ = {isa = PBXBuildFile; fileRef = 72E13A01234C942400521748 /* MovieEndpoint.swift */; };
		72E13A04234C945800521748 /* MovieManager.swift in Sources */ = {isa = PBXBuildFile; fileRef = 72E13A03234C945800521748 /* MovieManager.swift */; };
		72E13A06234C94BD00521748 /* MovieVM.swift in Sources */ = {isa = PBXBuildFile; fileRef = 72E13A05234C94BD00521748 /* MovieVM.swift */; };
		FA42C1C138F785890020A31F /* Pods_RicardoMartinsFeatureDemo.framework in Frameworks */ = {isa = PBXBuildFile; fileRef = 94347C29617F8A8D664737A6 /* Pods_RicardoMartinsFeatureDemo.framework */; };
/* End PBXBuildFile section */

/* Begin PBXFileReference section */
		01FD6364B47F2116DCD25BD9 /* Pods-RicardoMartinsFeatureDemo.debug.xcconfig */ = {isa = PBXFileReference; includeInIndex = 1; lastKnownFileType = text.xcconfig; name = "Pods-RicardoMartinsFeatureDemo.debug.xcconfig"; path = "Target Support Files/Pods-RicardoMartinsFeatureDemo/Pods-RicardoMartinsFeatureDemo.debug.xcconfig"; sourceTree = "<group>"; };
		7215E5C2234C977800161CF4 /* MoviesPopularVC.xib */ = {isa = PBXFileReference; fileEncoding = 4; lastKnownFileType = file.xib; path = MoviesPopularVC.xib; sourceTree = "<group>"; };
		7215E5C3234C977800161CF4 /* MoviesPopularVC.swift */ = {isa = PBXFileReference; fileEncoding = 4; lastKnownFileType = sourcecode.swift; path = MoviesPopularVC.swift; sourceTree = "<group>"; };
		7215E5C7234C97E300161CF4 /* NoResultsAnimationView.swift */ = {isa = PBXFileReference; lastKnownFileType = sourcecode.swift; path = NoResultsAnimationView.swift; sourceTree = "<group>"; };
		7215E5C9234C982100161CF4 /* Reactive+Misc.swift */ = {isa = PBXFileReference; lastKnownFileType = sourcecode.swift; path = "Reactive+Misc.swift"; sourceTree = "<group>"; };
		7215E5CC234C986600161CF4 /* AnimateloadingView.swift */ = {isa = PBXFileReference; fileEncoding = 4; lastKnownFileType = sourcecode.swift; path = AnimateloadingView.swift; sourceTree = "<group>"; };
		7215E5CD234C986600161CF4 /* LoadingView.xib */ = {isa = PBXFileReference; fileEncoding = 4; lastKnownFileType = file.xib; path = LoadingView.xib; sourceTree = "<group>"; };
		7215E5CE234C986600161CF4 /* LoadingViewable.swift */ = {isa = PBXFileReference; fileEncoding = 4; lastKnownFileType = sourcecode.swift; path = LoadingViewable.swift; sourceTree = "<group>"; };
		7215E5CF234C986600161CF4 /* LoadingView.swift */ = {isa = PBXFileReference; fileEncoding = 4; lastKnownFileType = sourcecode.swift; path = LoadingView.swift; sourceTree = "<group>"; };
		7215E5D7234C98E500161CF4 /* MovieCell.swift */ = {isa = PBXFileReference; fileEncoding = 4; lastKnownFileType = sourcecode.swift; path = MovieCell.swift; sourceTree = "<group>"; };
		7215E5D8234C98E500161CF4 /* MovieCell.xib */ = {isa = PBXFileReference; fileEncoding = 4; lastKnownFileType = file.xib; path = MovieCell.xib; sourceTree = "<group>"; };
		7215E5DB234C995400161CF4 /* MovieDetailVM.swift */ = {isa = PBXFileReference; lastKnownFileType = sourcecode.swift; path = MovieDetailVM.swift; sourceTree = "<group>"; };
		7215E5DD234C996C00161CF4 /* FavoriteVM.swift */ = {isa = PBXFileReference; lastKnownFileType = sourcecode.swift; path = FavoriteVM.swift; sourceTree = "<group>"; };
		7215E5DF234C9A1500161CF4 /* UIDevice+Misc.swift */ = {isa = PBXFileReference; lastKnownFileType = sourcecode.swift; path = "UIDevice+Misc.swift"; sourceTree = "<group>"; };
		7264E2A6234C9F7A007BFF0F /* UserDefaultsService.swift */ = {isa = PBXFileReference; lastKnownFileType = sourcecode.swift; path = UserDefaultsService.swift; sourceTree = "<group>"; };
		7264E2A8234C9FDE007BFF0F /* MovieDetailVC.swift */ = {isa = PBXFileReference; fileEncoding = 4; lastKnownFileType = sourcecode.swift; path = MovieDetailVC.swift; sourceTree = "<group>"; };
		7264E2A9234C9FDE007BFF0F /* MovieDetailVC.xib */ = {isa = PBXFileReference; fileEncoding = 4; lastKnownFileType = file.xib; path = MovieDetailVC.xib; sourceTree = "<group>"; };
		7264E2AC234CA01C007BFF0F /* MovieDetailHeaderView.swift */ = {isa = PBXFileReference; lastKnownFileType = sourcecode.swift; path = MovieDetailHeaderView.swift; sourceTree = "<group>"; };
		7264E2AE234CA049007BFF0F /* UIColor+Misc.swift */ = {isa = PBXFileReference; lastKnownFileType = sourcecode.swift; path = "UIColor+Misc.swift"; sourceTree = "<group>"; };
		7264E2B1234CA08A007BFF0F /* MovieDetailInfoCell.swift */ = {isa = PBXFileReference; lastKnownFileType = sourcecode.swift; path = MovieDetailInfoCell.swift; sourceTree = "<group>"; };
		7264E2B4234CA0DC007BFF0F /* StarsView.swift */ = {isa = PBXFileReference; lastKnownFileType = sourcecode.swift; path = StarsView.swift; sourceTree = "<group>"; };
		7264E2B7234CA118007BFF0F /* MovieDetailOverviewCell.swift */ = {isa = PBXFileReference; lastKnownFileType = sourcecode.swift; path = MovieDetailOverviewCell.swift; sourceTree = "<group>"; };
		7264E2B9234CA197007BFF0F /* UINavigationController+Misc.swift */ = {isa = PBXFileReference; lastKnownFileType = sourcecode.swift; path = "UINavigationController+Misc.swift"; sourceTree = "<group>"; };
		7264E2BB234CA8C1007BFF0F /* pt-BR */ = {isa = PBXFileReference; lastKnownFileType = text.plist.strings; name = "pt-BR"; path = "pt-BR.lproj/LaunchScreen.strings"; sourceTree = "<group>"; };
		7264E2BC234CAA19007BFF0F /* Helper.swift */ = {isa = PBXFileReference; lastKnownFileType = sourcecode.swift; path = Helper.swift; sourceTree = "<group>"; };
		7264E2BF234CAAA8007BFF0F /* MovieFavoriteCell.swift */ = {isa = PBXFileReference; lastKnownFileType = sourcecode.swift; path = MovieFavoriteCell.swift; sourceTree = "<group>"; };
		72E139BA234C8B4A00521748 /* Ricardo.app */ = {isa = PBXFileReference; explicitFileType = wrapper.application; includeInIndex = 0; path = Ricardo.app; sourceTree = BUILT_PRODUCTS_DIR; };
		72E139BD234C8B4A00521748 /* AppDelegate.swift */ = {isa = PBXFileReference; lastKnownFileType = sourcecode.swift; path = AppDelegate.swift; sourceTree = "<group>"; };
		72E139C7234C8B4B00521748 /* Base */ = {isa = PBXFileReference; lastKnownFileType = file.storyboard; name = Base; path = Base.lproj/LaunchScreen.storyboard; sourceTree = "<group>"; };
		72E139C9234C8B4B00521748 /* Info.plist */ = {isa = PBXFileReference; lastKnownFileType = text.plist.xml; path = Info.plist; sourceTree = "<group>"; };
		72E139D7234C8D6000521748 /* AppDelegate+Misc.swift */ = {isa = PBXFileReference; lastKnownFileType = sourcecode.swift; path = "AppDelegate+Misc.swift"; sourceTree = "<group>"; };
		72E139DC234C8E1900521748 /* LaunchScreenVC.swift */ = {isa = PBXFileReference; lastKnownFileType = sourcecode.swift; path = LaunchScreenVC.swift; sourceTree = "<group>"; };
		72E139DF234C8EED00521748 /* launch-movies.json */ = {isa = PBXFileReference; fileEncoding = 4; lastKnownFileType = text.json; path = "launch-movies.json"; sourceTree = "<group>"; };
		72E139E0234C8EED00521748 /* no-results.json */ = {isa = PBXFileReference; fileEncoding = 4; lastKnownFileType = text.json; path = "no-results.json"; sourceTree = "<group>"; };
		72E139E3234C8F1800521748 /* UIView+Misc.swift */ = {isa = PBXFileReference; lastKnownFileType = sourcecode.swift; path = "UIView+Misc.swift"; sourceTree = "<group>"; };
		72E139E5234C8F7700521748 /* MainTabBarVC.swift */ = {isa = PBXFileReference; lastKnownFileType = sourcecode.swift; path = MainTabBarVC.swift; sourceTree = "<group>"; };
		72E139EF234C907800521748 /* MoviesFavoriteVC.swift */ = {isa = PBXFileReference; lastKnownFileType = sourcecode.swift; path = MoviesFavoriteVC.swift; sourceTree = "<group>"; };
		72E139F1234C913D00521748 /* UIViewController+Misc.swift */ = {isa = PBXFileReference; lastKnownFileType = sourcecode.swift; path = "UIViewController+Misc.swift"; sourceTree = "<group>"; };
		72E139F3234C917F00521748 /* Assets.xcassets */ = {isa = PBXFileReference; lastKnownFileType = folder.assetcatalog; path = Assets.xcassets; sourceTree = "<group>"; };
		72E139F5234C933800521748 /* Movie.swift */ = {isa = PBXFileReference; lastKnownFileType = sourcecode.swift; path = Movie.swift; sourceTree = "<group>"; };
		72E139FB234C93AB00521748 /* APIConfiguration.swift */ = {isa = PBXFileReference; lastKnownFileType = sourcecode.swift; path = APIConfiguration.swift; sourceTree = "<group>"; };
		72E139FD234C93CD00521748 /* APIService.swift */ = {isa = PBXFileReference; lastKnownFileType = sourcecode.swift; path = APIService.swift; sourceTree = "<group>"; };
		72E139FF234C93FB00521748 /* Constants.swift */ = {isa = PBXFileReference; lastKnownFileType = sourcecode.swift; path = Constants.swift; sourceTree = "<group>"; };
		72E13A01234C942400521748 /* MovieEndpoint.swift */ = {isa = PBXFileReference; lastKnownFileType = sourcecode.swift; path = MovieEndpoint.swift; sourceTree = "<group>"; };
		72E13A03234C945800521748 /* MovieManager.swift */ = {isa = PBXFileReference; lastKnownFileType = sourcecode.swift; path = MovieManager.swift; sourceTree = "<group>"; };
		72E13A05234C94BD00521748 /* MovieVM.swift */ = {isa = PBXFileReference; lastKnownFileType = sourcecode.swift; path = MovieVM.swift; sourceTree = "<group>"; };
		8FBBFB683B5F1830ED0E89E7 /* Pods-RicardoMartinsFeatureDemo.release.xcconfig */ = {isa = PBXFileReference; includeInIndex = 1; lastKnownFileType = text.xcconfig; name = "Pods-RicardoMartinsFeatureDemo.release.xcconfig"; path = "Target Support Files/Pods-RicardoMartinsFeatureDemo/Pods-RicardoMartinsFeatureDemo.release.xcconfig"; sourceTree = "<group>"; };
		94347C29617F8A8D664737A6 /* Pods_RicardoMartinsFeatureDemo.framework */ = {isa = PBXFileReference; explicitFileType = wrapper.framework; includeInIndex = 0; path = Pods_RicardoMartinsFeatureDemo.framework; sourceTree = BUILT_PRODUCTS_DIR; };
/* End PBXFileReference section */

/* Begin PBXFrameworksBuildPhase section */
		72E139B7234C8B4900521748 /* Frameworks */ = {
			isa = PBXFrameworksBuildPhase;
			buildActionMask = 2147483647;
			files = (
				FA42C1C138F785890020A31F /* Pods_RicardoMartinsFeatureDemo.framework in Frameworks */,
			);
			runOnlyForDeploymentPostprocessing = 0;
		};
/* End PBXFrameworksBuildPhase section */

/* Begin PBXGroup section */
		1869E4D9975DDAE2D1443E64 /* Pods */ = {
			isa = PBXGroup;
			children = (
				01FD6364B47F2116DCD25BD9 /* Pods-RicardoMartinsFeatureDemo.debug.xcconfig */,
				8FBBFB683B5F1830ED0E89E7 /* Pods-RicardoMartinsFeatureDemo.release.xcconfig */,
			);
			path = Pods;
			sourceTree = "<group>";
		};
		7215E5C6234C97CE00161CF4 /* NoResultsView */ = {
			isa = PBXGroup;
			children = (
				7215E5C7234C97E300161CF4 /* NoResultsAnimationView.swift */,
			);
			path = NoResultsView;
			sourceTree = "<group>";
		};
		7215E5CB234C986600161CF4 /* LoadingView */ = {
			isa = PBXGroup;
			children = (
				7215E5CC234C986600161CF4 /* AnimateloadingView.swift */,
				7215E5CD234C986600161CF4 /* LoadingView.xib */,
				7215E5CE234C986600161CF4 /* LoadingViewable.swift */,
				7215E5CF234C986600161CF4 /* LoadingView.swift */,
			);
			path = LoadingView;
			sourceTree = "<group>";
		};
		7215E5D4234C98AB00161CF4 /* Cells */ = {
			isa = PBXGroup;
			children = (
				7215E5D6234C98E500161CF4 /* MovieCell */,
				7264E2B0234CA070007BFF0F /* MovieDetailInfoCell */,
				7264E2B6234CA107007BFF0F /* MovieDetailOverviewCell */,
				7264E2BE234CAA3C007BFF0F /* MovieFavoriteCell */,
			);
			path = Cells;
			sourceTree = "<group>";
		};
		7215E5D5234C98B400161CF4 /* Headers */ = {
			isa = PBXGroup;
			children = (
				7264E2AC234CA01C007BFF0F /* MovieDetailHeaderView.swift */,
			);
			path = Headers;
			sourceTree = "<group>";
		};
		7215E5D6234C98E500161CF4 /* MovieCell */ = {
			isa = PBXGroup;
			children = (
				7215E5D7234C98E500161CF4 /* MovieCell.swift */,
				7215E5D8234C98E500161CF4 /* MovieCell.xib */,
			);
			path = MovieCell;
			sourceTree = "<group>";
		};
		7264E2A5234C9F56007BFF0F /* UserDefaults */ = {
			isa = PBXGroup;
			children = (
				7264E2A6234C9F7A007BFF0F /* UserDefaultsService.swift */,
			);
			path = UserDefaults;
			sourceTree = "<group>";
		};
		7264E2B0234CA070007BFF0F /* MovieDetailInfoCell */ = {
			isa = PBXGroup;
			children = (
				7264E2B1234CA08A007BFF0F /* MovieDetailInfoCell.swift */,
			);
			path = MovieDetailInfoCell;
			sourceTree = "<group>";
		};
		7264E2B3234CA0C7007BFF0F /* StarsView */ = {
			isa = PBXGroup;
			children = (
				7264E2B4234CA0DC007BFF0F /* StarsView.swift */,
			);
			path = StarsView;
			sourceTree = "<group>";
		};
		7264E2B6234CA107007BFF0F /* MovieDetailOverviewCell */ = {
			isa = PBXGroup;
			children = (
				7264E2B7234CA118007BFF0F /* MovieDetailOverviewCell.swift */,
			);
			path = MovieDetailOverviewCell;
			sourceTree = "<group>";
		};
		7264E2BE234CAA3C007BFF0F /* MovieFavoriteCell */ = {
			isa = PBXGroup;
			children = (
				7264E2BF234CAAA8007BFF0F /* MovieFavoriteCell.swift */,
			);
			path = MovieFavoriteCell;
			sourceTree = "<group>";
		};
		72E139B1234C8B4900521748 = {
			isa = PBXGroup;
			children = (
				72E139BC234C8B4A00521748 /* RicardoMartinsFeatureDemo */,
				72E139BB234C8B4A00521748 /* Products */,
				1869E4D9975DDAE2D1443E64 /* Pods */,
				A7B68B9E6FDA4D840A169070 /* Frameworks */,
			);
			sourceTree = "<group>";
		};
		72E139BB234C8B4A00521748 /* Products */ = {
			isa = PBXGroup;
			children = (
				72E139BA234C8B4A00521748 /* Ricardo.app */,
			);
			name = Products;
			sourceTree = "<group>";
		};
		72E139BC234C8B4A00521748 /* RicardoMartinsFeatureDemo */ = {
			isa = PBXGroup;
			children = (
				72E139D4234C8CA300521748 /* System */,
				72E139D3234C8C9D00521748 /* MVVM */,
				72E139D2234C8C9200521748 /* CustomViews */,
				72E139D1234C8C8B00521748 /* Utils */,
				72E139D0234C8C7F00521748 /* Resources */,
				72E139CF234C8C1E00521748 /* Services */,
			);
			path = RicardoMartinsFeatureDemo;
			sourceTree = "<group>";
		};
		72E139CF234C8C1E00521748 /* Services */ = {
			isa = PBXGroup;
			children = (
				72E139F7234C937200521748 /* API */,
				7264E2A5234C9F56007BFF0F /* UserDefaults */,
			);
			path = Services;
			sourceTree = "<group>";
		};
		72E139D0234C8C7F00521748 /* Resources */ = {
			isa = PBXGroup;
			children = (
				72E139F3234C917F00521748 /* Assets.xcassets */,
				72E139DE234C8EC900521748 /* Animations */,
			);
			path = Resources;
			sourceTree = "<group>";
		};
		72E139D1234C8C8B00521748 /* Utils */ = {
			isa = PBXGroup;
			children = (
				7264E2BC234CAA19007BFF0F /* Helper.swift */,
				7264E2B3234CA0C7007BFF0F /* StarsView */,
				7215E5CB234C986600161CF4 /* LoadingView */,
				7215E5C6234C97CE00161CF4 /* NoResultsView */,
				72E139D6234C8D4E00521748 /* Extensions */,
			);
			path = Utils;
			sourceTree = "<group>";
		};
		72E139D2234C8C9200521748 /* CustomViews */ = {
			isa = PBXGroup;
			children = (
				7215E5D5234C98B400161CF4 /* Headers */,
				7215E5D4234C98AB00161CF4 /* Cells */,
			);
			path = CustomViews;
			sourceTree = "<group>";
		};
		72E139D3234C8C9D00521748 /* MVVM */ = {
			isa = PBXGroup;
			children = (
				72E139DB234C8DB900521748 /* Model */,
				72E139DA234C8DB200521748 /* ViewModel */,
				72E139D9234C8D9F00521748 /* View */,
			);
			path = MVVM;
			sourceTree = "<group>";
		};
		72E139D4234C8CA300521748 /* System */ = {
			isa = PBXGroup;
			children = (
				72E139D5234C8CB100521748 /* Launch */,
				72E139C9234C8B4B00521748 /* Info.plist */,
				72E139BD234C8B4A00521748 /* AppDelegate.swift */,
				72E139FF234C93FB00521748 /* Constants.swift */,
			);
			path = System;
			sourceTree = "<group>";
		};
		72E139D5234C8CB100521748 /* Launch */ = {
			isa = PBXGroup;
			children = (
				72E139C6234C8B4B00521748 /* LaunchScreen.storyboard */,
				72E139DC234C8E1900521748 /* LaunchScreenVC.swift */,
			);
			path = Launch;
			sourceTree = "<group>";
		};
		72E139D6234C8D4E00521748 /* Extensions */ = {
			isa = PBXGroup;
			children = (
				72E139D7234C8D6000521748 /* AppDelegate+Misc.swift */,
				72E139E3234C8F1800521748 /* UIView+Misc.swift */,
				72E139F1234C913D00521748 /* UIViewController+Misc.swift */,
				7215E5C9234C982100161CF4 /* Reactive+Misc.swift */,
				7215E5DF234C9A1500161CF4 /* UIDevice+Misc.swift */,
				7264E2AE234CA049007BFF0F /* UIColor+Misc.swift */,
				7264E2B9234CA197007BFF0F /* UINavigationController+Misc.swift */,
			);
			path = Extensions;
			sourceTree = "<group>";
		};
		72E139D9234C8D9F00521748 /* View */ = {
			isa = PBXGroup;
			children = (
				72E139ED234C903B00521748 /* Main */,
				72E139E7234C8FD600521748 /* MoviesPopular */,
				72E139EA234C900100521748 /* MovieDetail */,
				72E139EE234C906900521748 /* MoviesFavorite */,
			);
			path = View;
			sourceTree = "<group>";
		};
		72E139DA234C8DB200521748 /* ViewModel */ = {
			isa = PBXGroup;
			children = (
				72E13A05234C94BD00521748 /* MovieVM.swift */,
				7215E5DB234C995400161CF4 /* MovieDetailVM.swift */,
				7215E5DD234C996C00161CF4 /* FavoriteVM.swift */,
			);
			path = ViewModel;
			sourceTree = "<group>";
		};
		72E139DB234C8DB900521748 /* Model */ = {
			isa = PBXGroup;
			children = (
				72E139F5234C933800521748 /* Movie.swift */,
			);
			path = Model;
			sourceTree = "<group>";
		};
		72E139DE234C8EC900521748 /* Animations */ = {
			isa = PBXGroup;
			children = (
				72E139DF234C8EED00521748 /* launch-movies.json */,
				72E139E0234C8EED00521748 /* no-results.json */,
			);
			path = Animations;
			sourceTree = "<group>";
		};
		72E139E7234C8FD600521748 /* MoviesPopular */ = {
			isa = PBXGroup;
			children = (
				7215E5C3234C977800161CF4 /* MoviesPopularVC.swift */,
				7215E5C2234C977800161CF4 /* MoviesPopularVC.xib */,
			);
			path = MoviesPopular;
			sourceTree = "<group>";
		};
		72E139EA234C900100521748 /* MovieDetail */ = {
			isa = PBXGroup;
			children = (
				7264E2A8234C9FDE007BFF0F /* MovieDetailVC.swift */,
				7264E2A9234C9FDE007BFF0F /* MovieDetailVC.xib */,
			);
			path = MovieDetail;
			sourceTree = "<group>";
		};
		72E139ED234C903B00521748 /* Main */ = {
			isa = PBXGroup;
			children = (
				72E139E5234C8F7700521748 /* MainTabBarVC.swift */,
			);
			path = Main;
			sourceTree = "<group>";
		};
		72E139EE234C906900521748 /* MoviesFavorite */ = {
			isa = PBXGroup;
			children = (
				72E139EF234C907800521748 /* MoviesFavoriteVC.swift */,
			);
			path = MoviesFavorite;
			sourceTree = "<group>";
		};
		72E139F7234C937200521748 /* API */ = {
			isa = PBXGroup;
			children = (
				72E139FA234C938300521748 /* Configuration */,
				72E139F9234C937C00521748 /* Endpoints */,
				72E139F8234C937700521748 /* Managers */,
			);
			path = API;
			sourceTree = "<group>";
		};
		72E139F8234C937700521748 /* Managers */ = {
			isa = PBXGroup;
			children = (
				72E13A03234C945800521748 /* MovieManager.swift */,
			);
			path = Managers;
			sourceTree = "<group>";
		};
		72E139F9234C937C00521748 /* Endpoints */ = {
			isa = PBXGroup;
			children = (
				72E13A01234C942400521748 /* MovieEndpoint.swift */,
			);
			path = Endpoints;
			sourceTree = "<group>";
		};
		72E139FA234C938300521748 /* Configuration */ = {
			isa = PBXGroup;
			children = (
				72E139FB234C93AB00521748 /* APIConfiguration.swift */,
				72E139FD234C93CD00521748 /* APIService.swift */,
			);
			path = Configuration;
			sourceTree = "<group>";
		};
		A7B68B9E6FDA4D840A169070 /* Frameworks */ = {
			isa = PBXGroup;
			children = (
				94347C29617F8A8D664737A6 /* Pods_RicardoMartinsFeatureDemo.framework */,
			);
			name = Frameworks;
			sourceTree = "<group>";
		};
/* End PBXGroup section */

/* Begin PBXNativeTarget section */
		72E139B9234C8B4900521748 /* RicardoMartinsFeatureDemo */ = {
			isa = PBXNativeTarget;
			buildConfigurationList = 72E139CC234C8B4B00521748 /* Build configuration list for PBXNativeTarget "RicardoMartinsFeatureDemo" */;
			buildPhases = (
				397092FFA413660058057003 /* [CP] Check Pods Manifest.lock */,
				72E139B6234C8B4900521748 /* Sources */,
				72E139B7234C8B4900521748 /* Frameworks */,
				72E139B8234C8B4900521748 /* Resources */,
				B9D8D368CEEBFCDDC8645720 /* [CP] Embed Pods Frameworks */,
			);
			buildRules = (
			);
			dependencies = (
			);
			name = RicardoMartinsFeatureDemo;
			productName = RicardoMartinsFeatureDemo;
			productReference = 72E139BA234C8B4A00521748 /* Ricardo.app */;
			productType = "com.apple.product-type.application";
		};
/* End PBXNativeTarget section */

/* Begin PBXProject section */
		72E139B2234C8B4900521748 /* Project object */ = {
			isa = PBXProject;
			attributes = {
				LastSwiftUpdateCheck = 1030;
				LastUpgradeCheck = 1030;
				ORGANIZATIONNAME = "https://ricardo.dev - Ricardo Martins";
				TargetAttributes = {
					72E139B9234C8B4900521748 = {
						CreatedOnToolsVersion = 10.3;
						LastSwiftMigration = 1030;
					};
				};
			};
			buildConfigurationList = 72E139B5234C8B4900521748 /* Build configuration list for PBXProject "RicardoMartinsFeatureDemo" */;
			compatibilityVersion = "Xcode 9.3";
			developmentRegion = en;
			hasScannedForEncodings = 0;
			knownRegions = (
				en,
				Base,
				"pt-BR",
			);
			mainGroup = 72E139B1234C8B4900521748;
			productRefGroup = 72E139BB234C8B4A00521748 /* Products */;
			projectDirPath = "";
			projectRoot = "";
			targets = (
				72E139B9234C8B4900521748 /* RicardoMartinsFeatureDemo */,
			);
		};
/* End PBXProject section */

/* Begin PBXResourcesBuildPhase section */
		72E139B8234C8B4900521748 /* Resources */ = {
			isa = PBXResourcesBuildPhase;
			buildActionMask = 2147483647;
			files = (
				72E139C8234C8B4B00521748 /* LaunchScreen.storyboard in Resources */,
				7215E5DA234C98E500161CF4 /* MovieCell.xib in Resources */,
				72E139E1234C8EED00521748 /* launch-movies.json in Resources */,
				72E139F4234C917F00521748 /* Assets.xcassets in Resources */,
				7215E5D1234C986600161CF4 /* LoadingView.xib in Resources */,
				72E139E2234C8EED00521748 /* no-results.json in Resources */,
				7264E2AB234C9FDE007BFF0F /* MovieDetailVC.xib in Resources */,
				7215E5C4234C977900161CF4 /* MoviesPopularVC.xib in Resources */,
			);
			runOnlyForDeploymentPostprocessing = 0;
		};
/* End PBXResourcesBuildPhase section */

/* Begin PBXShellScriptBuildPhase section */
		397092FFA413660058057003 /* [CP] Check Pods Manifest.lock */ = {
			isa = PBXShellScriptBuildPhase;
			buildActionMask = 2147483647;
			files = (
			);
			inputFileListPaths = (
			);
			inputPaths = (
				"${PODS_PODFILE_DIR_PATH}/Podfile.lock",
				"${PODS_ROOT}/Manifest.lock",
			);
			name = "[CP] Check Pods Manifest.lock";
			outputFileListPaths = (
			);
			outputPaths = (
				"$(DERIVED_FILE_DIR)/Pods-RicardoMartinsFeatureDemo-checkManifestLockResult.txt",
			);
			runOnlyForDeploymentPostprocessing = 0;
			shellPath = /bin/sh;
			shellScript = "diff \"${PODS_PODFILE_DIR_PATH}/Podfile.lock\" \"${PODS_ROOT}/Manifest.lock\" > /dev/null\nif [ $? != 0 ] ; then\n    # print error to STDERR\n    echo \"error: The sandbox is not in sync with the Podfile.lock. Run 'pod install' or update your CocoaPods installation.\" >&2\n    exit 1\nfi\n# This output is used by Xcode 'outputs' to avoid re-running this script phase.\necho \"SUCCESS\" > \"${SCRIPT_OUTPUT_FILE_0}\"\n";
			showEnvVarsInLog = 0;
		};
		B9D8D368CEEBFCDDC8645720 /* [CP] Embed Pods Frameworks */ = {
			isa = PBXShellScriptBuildPhase;
			buildActionMask = 2147483647;
			files = (
			);
			inputFileListPaths = (
				"${PODS_ROOT}/Target Support Files/Pods-RicardoMartinsFeatureDemo/Pods-RicardoMartinsFeatureDemo-frameworks-${CONFIGURATION}-input-files.xcfilelist",
			);
			name = "[CP] Embed Pods Frameworks";
			outputFileListPaths = (
				"${PODS_ROOT}/Target Support Files/Pods-RicardoMartinsFeatureDemo/Pods-RicardoMartinsFeatureDemo-frameworks-${CONFIGURATION}-output-files.xcfilelist",
			);
			runOnlyForDeploymentPostprocessing = 0;
			shellPath = /bin/sh;
			shellScript = "\"${PODS_ROOT}/Target Support Files/Pods-RicardoMartinsFeatureDemo/Pods-RicardoMartinsFeatureDemo-frameworks.sh\"\n";
			showEnvVarsInLog = 0;
		};
/* End PBXShellScriptBuildPhase section */

/* Begin PBXSourcesBuildPhase section */
		72E139B6234C8B4900521748 /* Sources */ = {
			isa = PBXSourcesBuildPhase;
			buildActionMask = 2147483647;
			files = (
				72E13A02234C942400521748 /* MovieEndpoint.swift in Sources */,
				7215E5DC234C995400161CF4 /* MovieDetailVM.swift in Sources */,
				72E139E4234C8F1800521748 /* UIView+Misc.swift in Sources */,
				7264E2B8234CA118007BFF0F /* MovieDetailOverviewCell.swift in Sources */,
				72E139E6234C8F7700521748 /* MainTabBarVC.swift in Sources */,
				7215E5CA234C982100161CF4 /* Reactive+Misc.swift in Sources */,
				7215E5D3234C986600161CF4 /* LoadingView.swift in Sources */,
				7215E5C8234C97E300161CF4 /* NoResultsAnimationView.swift in Sources */,
				72E139D8234C8D6000521748 /* AppDelegate+Misc.swift in Sources */,
				72E139F6234C933800521748 /* Movie.swift in Sources */,
				72E13A04234C945800521748 /* MovieManager.swift in Sources */,
				7264E2BD234CAA19007BFF0F /* Helper.swift in Sources */,
				7264E2B5234CA0DC007BFF0F /* StarsView.swift in Sources */,
				72E139F0234C907800521748 /* MoviesFavoriteVC.swift in Sources */,
				7264E2AD234CA01C007BFF0F /* MovieDetailHeaderView.swift in Sources */,
				7264E2A7234C9F7A007BFF0F /* UserDefaultsService.swift in Sources */,
				7264E2C0234CAAA8007BFF0F /* MovieFavoriteCell.swift in Sources */,
				7264E2BA234CA197007BFF0F /* UINavigationController+Misc.swift in Sources */,
				7215E5D0234C986600161CF4 /* AnimateloadingView.swift in Sources */,
				72E13A00234C93FB00521748 /* Constants.swift in Sources */,
				72E139FC234C93AB00521748 /* APIConfiguration.swift in Sources */,
				7215E5D9234C98E500161CF4 /* MovieCell.swift in Sources */,
				7264E2AF234CA049007BFF0F /* UIColor+Misc.swift in Sources */,
				7215E5D2234C986600161CF4 /* LoadingViewable.swift in Sources */,
				72E13A06234C94BD00521748 /* MovieVM.swift in Sources */,
				7264E2AA234C9FDE007BFF0F /* MovieDetailVC.swift in Sources */,
				7264E2B2234CA08A007BFF0F /* MovieDetailInfoCell.swift in Sources */,
				72E139BE234C8B4A00521748 /* AppDelegate.swift in Sources */,
				72E139F2234C913D00521748 /* UIViewController+Misc.swift in Sources */,
				72E139FE234C93CD00521748 /* APIService.swift in Sources */,
				72E139DD234C8E1900521748 /* LaunchScreenVC.swift in Sources */,
				7215E5DE234C996C00161CF4 /* FavoriteVM.swift in Sources */,
				7215E5C5234C977900161CF4 /* MoviesPopularVC.swift in Sources */,
				7215E5E0234C9A1500161CF4 /* UIDevice+Misc.swift in Sources */,
			);
			runOnlyForDeploymentPostprocessing = 0;
		};
/* End PBXSourcesBuildPhase section */

/* Begin PBXVariantGroup section */
		72E139C6234C8B4B00521748 /* LaunchScreen.storyboard */ = {
			isa = PBXVariantGroup;
			children = (
				72E139C7234C8B4B00521748 /* Base */,
				7264E2BB234CA8C1007BFF0F /* pt-BR */,
			);
			name = LaunchScreen.storyboard;
			sourceTree = "<group>";
		};
/* End PBXVariantGroup section */

/* Begin XCBuildConfiguration section */
		72E139CA234C8B4B00521748 /* Debug */ = {
			isa = XCBuildConfiguration;
			buildSettings = {
				ALWAYS_SEARCH_USER_PATHS = NO;
				CLANG_ANALYZER_LOCALIZABILITY_NONLOCALIZED = YES;
				CLANG_ANALYZER_NONNULL = YES;
				CLANG_ANALYZER_NUMBER_OBJECT_CONVERSION = YES_AGGRESSIVE;
				CLANG_CXX_LANGUAGE_STANDARD = "gnu++14";
				CLANG_CXX_LIBRARY = "libc++";
				CLANG_ENABLE_MODULES = YES;
				CLANG_ENABLE_OBJC_ARC = YES;
				CLANG_ENABLE_OBJC_WEAK = YES;
				CLANG_WARN_BLOCK_CAPTURE_AUTORELEASING = YES;
				CLANG_WARN_BOOL_CONVERSION = YES;
				CLANG_WARN_COMMA = YES;
				CLANG_WARN_CONSTANT_CONVERSION = YES;
				CLANG_WARN_DEPRECATED_OBJC_IMPLEMENTATIONS = YES;
				CLANG_WARN_DIRECT_OBJC_ISA_USAGE = YES_ERROR;
				CLANG_WARN_DOCUMENTATION_COMMENTS = YES;
				CLANG_WARN_EMPTY_BODY = YES;
				CLANG_WARN_ENUM_CONVERSION = YES;
				CLANG_WARN_INFINITE_RECURSION = YES;
				CLANG_WARN_INT_CONVERSION = YES;
				CLANG_WARN_NON_LITERAL_NULL_CONVERSION = YES;
				CLANG_WARN_OBJC_IMPLICIT_RETAIN_SELF = YES;
				CLANG_WARN_OBJC_LITERAL_CONVERSION = YES;
				CLANG_WARN_OBJC_ROOT_CLASS = YES_ERROR;
				CLANG_WARN_RANGE_LOOP_ANALYSIS = YES;
				CLANG_WARN_STRICT_PROTOTYPES = YES;
				CLANG_WARN_SUSPICIOUS_MOVE = YES;
				CLANG_WARN_UNGUARDED_AVAILABILITY = YES_AGGRESSIVE;
				CLANG_WARN_UNREACHABLE_CODE = YES;
				CLANG_WARN__DUPLICATE_METHOD_MATCH = YES;
				CODE_SIGN_IDENTITY = "iPhone Developer";
				COPY_PHASE_STRIP = NO;
				DEBUG_INFORMATION_FORMAT = dwarf;
				ENABLE_STRICT_OBJC_MSGSEND = YES;
				ENABLE_TESTABILITY = YES;
				GCC_C_LANGUAGE_STANDARD = gnu11;
				GCC_DYNAMIC_NO_PIC = NO;
				GCC_NO_COMMON_BLOCKS = YES;
				GCC_OPTIMIZATION_LEVEL = 0;
				GCC_PREPROCESSOR_DEFINITIONS = (
					"DEBUG=1",
					"$(inherited)",
				);
				GCC_WARN_64_TO_32_BIT_CONVERSION = YES;
				GCC_WARN_ABOUT_RETURN_TYPE = YES_ERROR;
				GCC_WARN_UNDECLARED_SELECTOR = YES;
				GCC_WARN_UNINITIALIZED_AUTOS = YES_AGGRESSIVE;
				GCC_WARN_UNUSED_FUNCTION = YES;
				GCC_WARN_UNUSED_VARIABLE = YES;
				IPHONEOS_DEPLOYMENT_TARGET = 12.4;
				MTL_ENABLE_DEBUG_INFO = INCLUDE_SOURCE;
				MTL_FAST_MATH = YES;
				ONLY_ACTIVE_ARCH = YES;
				SDKROOT = iphoneos;
				SWIFT_ACTIVE_COMPILATION_CONDITIONS = DEBUG;
				SWIFT_OPTIMIZATION_LEVEL = "-Onone";
				SWIFT_VERSION = 4.2;
			};
			name = Debug;
		};
		72E139CB234C8B4B00521748 /* Release */ = {
			isa = XCBuildConfiguration;
			buildSettings = {
				ALWAYS_SEARCH_USER_PATHS = NO;
				CLANG_ANALYZER_LOCALIZABILITY_NONLOCALIZED = YES;
				CLANG_ANALYZER_NONNULL = YES;
				CLANG_ANALYZER_NUMBER_OBJECT_CONVERSION = YES_AGGRESSIVE;
				CLANG_CXX_LANGUAGE_STANDARD = "gnu++14";
				CLANG_CXX_LIBRARY = "libc++";
				CLANG_ENABLE_MODULES = YES;
				CLANG_ENABLE_OBJC_ARC = YES;
				CLANG_ENABLE_OBJC_WEAK = YES;
				CLANG_WARN_BLOCK_CAPTURE_AUTORELEASING = YES;
				CLANG_WARN_BOOL_CONVERSION = YES;
				CLANG_WARN_COMMA = YES;
				CLANG_WARN_CONSTANT_CONVERSION = YES;
				CLANG_WARN_DEPRECATED_OBJC_IMPLEMENTATIONS = YES;
				CLANG_WARN_DIRECT_OBJC_ISA_USAGE = YES_ERROR;
				CLANG_WARN_DOCUMENTATION_COMMENTS = YES;
				CLANG_WARN_EMPTY_BODY = YES;
				CLANG_WARN_ENUM_CONVERSION = YES;
				CLANG_WARN_INFINITE_RECURSION = YES;
				CLANG_WARN_INT_CONVERSION = YES;
				CLANG_WARN_NON_LITERAL_NULL_CONVERSION = YES;
				CLANG_WARN_OBJC_IMPLICIT_RETAIN_SELF = YES;
				CLANG_WARN_OBJC_LITERAL_CONVERSION = YES;
				CLANG_WARN_OBJC_ROOT_CLASS = YES_ERROR;
				CLANG_WARN_RANGE_LOOP_ANALYSIS = YES;
				CLANG_WARN_STRICT_PROTOTYPES = YES;
				CLANG_WARN_SUSPICIOUS_MOVE = YES;
				CLANG_WARN_UNGUARDED_AVAILABILITY = YES_AGGRESSIVE;
				CLANG_WARN_UNREACHABLE_CODE = YES;
				CLANG_WARN__DUPLICATE_METHOD_MATCH = YES;
				CODE_SIGN_IDENTITY = "iPhone Developer";
				COPY_PHASE_STRIP = NO;
				DEBUG_INFORMATION_FORMAT = "dwarf-with-dsym";
				ENABLE_NS_ASSERTIONS = NO;
				ENABLE_STRICT_OBJC_MSGSEND = YES;
				GCC_C_LANGUAGE_STANDARD = gnu11;
				GCC_NO_COMMON_BLOCKS = YES;
				GCC_WARN_64_TO_32_BIT_CONVERSION = YES;
				GCC_WARN_ABOUT_RETURN_TYPE = YES_ERROR;
				GCC_WARN_UNDECLARED_SELECTOR = YES;
				GCC_WARN_UNINITIALIZED_AUTOS = YES_AGGRESSIVE;
				GCC_WARN_UNUSED_FUNCTION = YES;
				GCC_WARN_UNUSED_VARIABLE = YES;
				IPHONEOS_DEPLOYMENT_TARGET = 12.4;
				MTL_ENABLE_DEBUG_INFO = NO;
				MTL_FAST_MATH = YES;
				SDKROOT = iphoneos;
				SWIFT_COMPILATION_MODE = wholemodule;
				SWIFT_OPTIMIZATION_LEVEL = "-O";
				SWIFT_VERSION = 4.2;
				VALIDATE_PRODUCT = YES;
			};
			name = Release;
		};
		72E139CD234C8B4B00521748 /* Debug */ = {
			isa = XCBuildConfiguration;
			baseConfigurationReference = 01FD6364B47F2116DCD25BD9 /* Pods-RicardoMartinsFeatureDemo.debug.xcconfig */;
			buildSettings = {
				ASSETCATALOG_COMPILER_APPICON_NAME = AppIcon;
				CODE_SIGN_STYLE = Automatic;
				DEVELOPMENT_TEAM = BCC8874BQT;
				INFOPLIST_FILE = "$(SRCROOT)/RicardoMartinsFeatureDemo/System/Info.plist";
				LD_RUNPATH_SEARCH_PATHS = (
					"$(inherited)",
					"@executable_path/Frameworks",
				);
				PRODUCT_BUNDLE_IDENTIFIER = dev.ricardo.RicardoMartinsFeatureDemo;
				PRODUCT_NAME = Ricardo;
				SWIFT_VERSION = 4.2;
				TARGETED_DEVICE_FAMILY = 1;
			};
			name = Debug;
		};
		72E139CE234C8B4B00521748 /* Release */ = {
			isa = XCBuildConfiguration;
			baseConfigurationReference = 8FBBFB683B5F1830ED0E89E7 /* Pods-RicardoMartinsFeatureDemo.release.xcconfig */;
			buildSettings = {
				ASSETCATALOG_COMPILER_APPICON_NAME = AppIcon;
				CODE_SIGN_STYLE = Automatic;
				DEVELOPMENT_TEAM = BCC8874BQT;
				INFOPLIST_FILE = "$(SRCROOT)/RicardoMartinsFeatureDemo/System/Info.plist";
				LD_RUNPATH_SEARCH_PATHS = (
					"$(inherited)",
					"@executable_path/Frameworks",
				);
				PRODUCT_BUNDLE_IDENTIFIER = dev.ricardo.RicardoMartinsFeatureDemo;
				PRODUCT_NAME = Ricardo;
				SWIFT_VERSION = 4.2;
				TARGETED_DEVICE_FAMILY = 1;
			};
			name = Release;
		};
/* End XCBuildConfiguration section */

/* Begin XCConfigurationList section */
		72E139B5234C8B4900521748 /* Build configuration list for PBXProject "RicardoMartinsFeatureDemo" */ = {
			isa = XCConfigurationList;
			buildConfigurations = (
				72E139CA234C8B4B00521748 /* Debug */,
				72E139CB234C8B4B00521748 /* Release */,
			);
			defaultConfigurationIsVisible = 0;
			defaultConfigurationName = Release;
		};
		72E139CC234C8B4B00521748 /* Build configuration list for PBXNativeTarget "RicardoMartinsFeatureDemo" */ = {
			isa = XCConfigurationList;
			buildConfigurations = (
				72E139CD234C8B4B00521748 /* Debug */,
				72E139CE234C8B4B00521748 /* Release */,
			);
			defaultConfigurationIsVisible = 0;
			defaultConfigurationName = Release;
		};
/* End XCConfigurationList section */
	};
	rootObject = 72E139B2234C8B4900521748 /* Project object */;
}
